
Microsoft Visual Studio Solution File, Format Version 12.00
# Visual Studio Version 17
VisualStudioVersion = 17.9.34616.47
MinimumVisualStudioVersion = 10.0.40219.1
Project("{FAE04EC0-301F-11D3-BF4B-00C04F79EFBC}") = "MovilNav_Backend", "MovilNav_Backend\MovilNav_Backend.csproj", "{47C2CD69-1EC4-4D0A-84CF-D02218E561F8}"
EndProject
Global
	GlobalSection(SolutionConfigurationPlatforms) = preSolution
		Debug|Any CPU = Debug|Any CPU
		Release|Any CPU = Release|Any CPU
	EndGlobalSection
	GlobalSection(ProjectConfigurationPlatforms) = postSolution
		{47C2CD69-1EC4-4D0A-84CF-D02218E561F8}.Debug|Any CPU.ActiveCfg = Debug|Any CPU
		{47C2CD69-1EC4-4D0A-84CF-D02218E561F8}.Debug|Any CPU.Build.0 = Debug|Any CPU
		{47C2CD69-1EC4-4D0A-84CF-D02218E561F8}.Release|Any CPU.ActiveCfg = Release|Any CPU
		{47C2CD69-1EC4-4D0A-84CF-D02218E561F8}.Release|Any CPU.Build.0 = Release|Any CPU
	EndGlobalSection
	GlobalSection(SolutionProperties) = preSolution
		HideSolutionNode = FALSE
	EndGlobalSection
	GlobalSection(ExtensibilityGlobals) = postSolution
		SolutionGuid = {2C7F3E19-4861-4709-B776-380A83835980}
	EndGlobalSection
EndGlobal
